// !$*UTF8*$!
{
	archiveVersion = 1;
	classes = {
	};
	objectVersion = 51;
	objects = {

/* Begin PBXBuildFile section */
		81146ADA26EC9E1400EB6413 /* GoogleService-Info.plist in Resources */ = {isa = PBXBuildFile; fileRef = 81146AD926EC9E1400EB6413 /* GoogleService-Info.plist */; };
		81146ADD26EC9FCC00EB6413 /* AuthenticationManager.swift in Sources */ = {isa = PBXBuildFile; fileRef = 81146ADC26EC9FCC00EB6413 /* AuthenticationManager.swift */; };
		81146ADF26ECA24A00EB6413 /* AuthenticationModel.swift in Sources */ = {isa = PBXBuildFile; fileRef = 81146ADE26ECA24A00EB6413 /* AuthenticationModel.swift */; };
		81146AE326ECA7FF00EB6413 /* User.swift in Sources */ = {isa = PBXBuildFile; fileRef = 81146AE226ECA7FF00EB6413 /* User.swift */; };
		81146AE526ECAD3500EB6413 /* AuthenticationState.swift in Sources */ = {isa = PBXBuildFile; fileRef = 81146AE426ECAD3500EB6413 /* AuthenticationState.swift */; };
		81146AE726ECADCF00EB6413 /* FavoritePlacesError.swift in Sources */ = {isa = PBXBuildFile; fileRef = 81146AE626ECADCF00EB6413 /* FavoritePlacesError.swift */; };
		81146AE926ECB20000EB6413 /* MapViewController.swift in Sources */ = {isa = PBXBuildFile; fileRef = 81146AE826ECB20000EB6413 /* MapViewController.swift */; };
		81146AEC26ECBF2E00EB6413 /* UIViewControllerExtension.swift in Sources */ = {isa = PBXBuildFile; fileRef = 81146AEB26ECBF2E00EB6413 /* UIViewControllerExtension.swift */; };
		81146AEE26ECC78D00EB6413 /* FavoritePlacesAlertViewController.swift in Sources */ = {isa = PBXBuildFile; fileRef = 81146AED26ECC78D00EB6413 /* FavoritePlacesAlertViewController.swift */; };
		81146AF026ECE9A700EB6413 /* MapView.swift in Sources */ = {isa = PBXBuildFile; fileRef = 81146AEF26ECE9A700EB6413 /* MapView.swift */; };
		81146AF226ECEE5800EB6413 /* MKMapViewExtension.swift in Sources */ = {isa = PBXBuildFile; fileRef = 81146AF126ECEE5800EB6413 /* MKMapViewExtension.swift */; };
		81146AF426ECEECD00EB6413 /* RxExtension.swift in Sources */ = {isa = PBXBuildFile; fileRef = 81146AF326ECEECD00EB6413 /* RxExtension.swift */; };
		81146AF626ECF0DE00EB6413 /* FavoritePlace.swift in Sources */ = {isa = PBXBuildFile; fileRef = 81146AF526ECF0DE00EB6413 /* FavoritePlace.swift */; };
		81146AF826ED2D0200EB6413 /* AddFavoritePlaceViewController.swift in Sources */ = {isa = PBXBuildFile; fileRef = 81146AF726ED2D0200EB6413 /* AddFavoritePlaceViewController.swift */; };
		81146AFC26ED4B4F00EB6413 /* VerticalButtonStack.swift in Sources */ = {isa = PBXBuildFile; fileRef = 81146AFB26ED4B4F00EB6413 /* VerticalButtonStack.swift */; };
		81FA280326EBCE3F00251B65 /* AppDelegate.swift in Sources */ = {isa = PBXBuildFile; fileRef = 81FA280226EBCE3F00251B65 /* AppDelegate.swift */; };
		81FA280C26EBCE3F00251B65 /* Assets.xcassets in Resources */ = {isa = PBXBuildFile; fileRef = 81FA280B26EBCE3F00251B65 /* Assets.xcassets */; };
		81FA280F26EBCE3F00251B65 /* LaunchScreen.storyboard in Resources */ = {isa = PBXBuildFile; fileRef = 81FA280D26EBCE3F00251B65 /* LaunchScreen.storyboard */; };
		81FA283326EBCF0000251B65 /* LandingViewController.swift in Sources */ = {isa = PBXBuildFile; fileRef = 81FA283226EBCF0000251B65 /* LandingViewController.swift */; };
		81FA283526EBD0E300251B65 /* UIImageExtension.swift in Sources */ = {isa = PBXBuildFile; fileRef = 81FA283426EBD0E300251B65 /* UIImageExtension.swift */; };
		81FA283726EBD23E00251B65 /* FavoritePlacesLabel.swift in Sources */ = {isa = PBXBuildFile; fileRef = 81FA283626EBD23E00251B65 /* FavoritePlacesLabel.swift */; };
		81FA283926EBD28A00251B65 /* LabelType.swift in Sources */ = {isa = PBXBuildFile; fileRef = 81FA283826EBD28A00251B65 /* LabelType.swift */; };
		81FA283B26EBD43200251B65 /* UIViewExtension.swift in Sources */ = {isa = PBXBuildFile; fileRef = 81FA283A26EBD43200251B65 /* UIViewExtension.swift */; };
		81FA284626EBD8C500251B65 /* FavoritePlacesButton.swift in Sources */ = {isa = PBXBuildFile; fileRef = 81FA284526EBD8C500251B65 /* FavoritePlacesButton.swift */; };
		81FA284826EBD8F900251B65 /* ButtonType.swift in Sources */ = {isa = PBXBuildFile; fileRef = 81FA284726EBD8F900251B65 /* ButtonType.swift */; };
		81FA284A26EBE4D900251B65 /* UIColorExtension.swift in Sources */ = {isa = PBXBuildFile; fileRef = 81FA284926EBE4D900251B65 /* UIColorExtension.swift */; };
		81FA284C26EBED3B00251B65 /* FavoritePlacesNavigationController.swift in Sources */ = {isa = PBXBuildFile; fileRef = 81FA284B26EBED3B00251B65 /* FavoritePlacesNavigationController.swift */; };
		81FA285026EBF34300251B65 /* SignupViewController.swift in Sources */ = {isa = PBXBuildFile; fileRef = 81FA284F26EBF34300251B65 /* SignupViewController.swift */; };
		81FA285226EBF34C00251B65 /* LoginViewController.swift in Sources */ = {isa = PBXBuildFile; fileRef = 81FA285126EBF34C00251B65 /* LoginViewController.swift */; };
		81FA285426EBF4D900251B65 /* AuthenticationView.swift in Sources */ = {isa = PBXBuildFile; fileRef = 81FA285326EBF4D900251B65 /* AuthenticationView.swift */; };
		81FA285626EBF65900251B65 /* CGFloatExtension.swift in Sources */ = {isa = PBXBuildFile; fileRef = 81FA285526EBF65900251B65 /* CGFloatExtension.swift */; };
		81FA285826EBFB2A00251B65 /* FavoritePlacesTextField.swift in Sources */ = {isa = PBXBuildFile; fileRef = 81FA285726EBFB2A00251B65 /* FavoritePlacesTextField.swift */; };
		8C080668050ACC4A37FD3F0C /* Pods_Favorite_Places.framework in Frameworks */ = {isa = PBXBuildFile; fileRef = AFA1B6CD43ADBAF0E9E6C904 /* Pods_Favorite_Places.framework */; };
/* End PBXBuildFile section */

/* Begin PBXContainerItemProxy section */
		81FA281626EBCE4000251B65 /* PBXContainerItemProxy */ = {
			isa = PBXContainerItemProxy;
			containerPortal = 81FA27F726EBCE3F00251B65 /* Project object */;
			proxyType = 1;
			remoteGlobalIDString = 81FA27FE26EBCE3F00251B65;
			remoteInfo = "Favorite Places";
		};
		81FA282126EBCE4000251B65 /* PBXContainerItemProxy */ = {
			isa = PBXContainerItemProxy;
			containerPortal = 81FA27F726EBCE3F00251B65 /* Project object */;
			proxyType = 1;
			remoteGlobalIDString = 81FA27FE26EBCE3F00251B65;
			remoteInfo = "Favorite Places";
		};
/* End PBXContainerItemProxy section */

/* Begin PBXFileReference section */
		81146AD926EC9E1400EB6413 /* GoogleService-Info.plist */ = {isa = PBXFileReference; fileEncoding = 4; lastKnownFileType = text.plist.xml; path = "GoogleService-Info.plist"; sourceTree = "<group>"; };
		81146ADC26EC9FCC00EB6413 /* AuthenticationManager.swift */ = {isa = PBXFileReference; lastKnownFileType = sourcecode.swift; path = AuthenticationManager.swift; sourceTree = "<group>"; };
		81146ADE26ECA24A00EB6413 /* AuthenticationModel.swift */ = {isa = PBXFileReference; lastKnownFileType = sourcecode.swift; path = AuthenticationModel.swift; sourceTree = "<group>"; };
		81146AE226ECA7FF00EB6413 /* User.swift */ = {isa = PBXFileReference; lastKnownFileType = sourcecode.swift; path = User.swift; sourceTree = "<group>"; };
		81146AE426ECAD3500EB6413 /* AuthenticationState.swift */ = {isa = PBXFileReference; lastKnownFileType = sourcecode.swift; path = AuthenticationState.swift; sourceTree = "<group>"; };
		81146AE626ECADCF00EB6413 /* FavoritePlacesError.swift */ = {isa = PBXFileReference; lastKnownFileType = sourcecode.swift; path = FavoritePlacesError.swift; sourceTree = "<group>"; };
		81146AE826ECB20000EB6413 /* MapViewController.swift */ = {isa = PBXFileReference; lastKnownFileType = sourcecode.swift; path = MapViewController.swift; sourceTree = "<group>"; };
		81146AEB26ECBF2E00EB6413 /* UIViewControllerExtension.swift */ = {isa = PBXFileReference; lastKnownFileType = sourcecode.swift; path = UIViewControllerExtension.swift; sourceTree = "<group>"; };
		81146AED26ECC78D00EB6413 /* FavoritePlacesAlertViewController.swift */ = {isa = PBXFileReference; lastKnownFileType = sourcecode.swift; path = FavoritePlacesAlertViewController.swift; sourceTree = "<group>"; };
		81146AEF26ECE9A700EB6413 /* MapView.swift */ = {isa = PBXFileReference; lastKnownFileType = sourcecode.swift; path = MapView.swift; sourceTree = "<group>"; };
		81146AF126ECEE5800EB6413 /* MKMapViewExtension.swift */ = {isa = PBXFileReference; lastKnownFileType = sourcecode.swift; path = MKMapViewExtension.swift; sourceTree = "<group>"; };
		81146AF326ECEECD00EB6413 /* RxExtension.swift */ = {isa = PBXFileReference; lastKnownFileType = sourcecode.swift; path = RxExtension.swift; sourceTree = "<group>"; };
		81146AF526ECF0DE00EB6413 /* FavoritePlace.swift */ = {isa = PBXFileReference; lastKnownFileType = sourcecode.swift; path = FavoritePlace.swift; sourceTree = "<group>"; };
		81146AF726ED2D0200EB6413 /* AddFavoritePlaceViewController.swift */ = {isa = PBXFileReference; lastKnownFileType = sourcecode.swift; path = AddFavoritePlaceViewController.swift; sourceTree = "<group>"; };
		81146AFB26ED4B4F00EB6413 /* VerticalButtonStack.swift */ = {isa = PBXFileReference; lastKnownFileType = sourcecode.swift; path = VerticalButtonStack.swift; sourceTree = "<group>"; };
		81FA27FF26EBCE3F00251B65 /* Favorite Places.app */ = {isa = PBXFileReference; explicitFileType = wrapper.application; includeInIndex = 0; path = "Favorite Places.app"; sourceTree = BUILT_PRODUCTS_DIR; };
		81FA280226EBCE3F00251B65 /* AppDelegate.swift */ = {isa = PBXFileReference; lastKnownFileType = sourcecode.swift; path = AppDelegate.swift; sourceTree = "<group>"; };
		81FA280B26EBCE3F00251B65 /* Assets.xcassets */ = {isa = PBXFileReference; lastKnownFileType = folder.assetcatalog; path = Assets.xcassets; sourceTree = "<group>"; };
		81FA280E26EBCE3F00251B65 /* Base */ = {isa = PBXFileReference; lastKnownFileType = file.storyboard; name = Base; path = Base.lproj/LaunchScreen.storyboard; sourceTree = "<group>"; };
		81FA281026EBCE3F00251B65 /* Info.plist */ = {isa = PBXFileReference; lastKnownFileType = text.plist.xml; path = Info.plist; sourceTree = "<group>"; };
		81FA281526EBCE4000251B65 /* Favorite PlacesTests.xctest */ = {isa = PBXFileReference; explicitFileType = wrapper.cfbundle; includeInIndex = 0; path = "Favorite PlacesTests.xctest"; sourceTree = BUILT_PRODUCTS_DIR; };
		81FA282026EBCE4000251B65 /* Favorite PlacesUITests.xctest */ = {isa = PBXFileReference; explicitFileType = wrapper.cfbundle; includeInIndex = 0; path = "Favorite PlacesUITests.xctest"; sourceTree = BUILT_PRODUCTS_DIR; };
		81FA283226EBCF0000251B65 /* LandingViewController.swift */ = {isa = PBXFileReference; lastKnownFileType = sourcecode.swift; path = LandingViewController.swift; sourceTree = "<group>"; };
		81FA283426EBD0E300251B65 /* UIImageExtension.swift */ = {isa = PBXFileReference; lastKnownFileType = sourcecode.swift; path = UIImageExtension.swift; sourceTree = "<group>"; };
		81FA283626EBD23E00251B65 /* FavoritePlacesLabel.swift */ = {isa = PBXFileReference; lastKnownFileType = sourcecode.swift; path = FavoritePlacesLabel.swift; sourceTree = "<group>"; };
		81FA283826EBD28A00251B65 /* LabelType.swift */ = {isa = PBXFileReference; lastKnownFileType = sourcecode.swift; path = LabelType.swift; sourceTree = "<group>"; };
		81FA283A26EBD43200251B65 /* UIViewExtension.swift */ = {isa = PBXFileReference; lastKnownFileType = sourcecode.swift; path = UIViewExtension.swift; sourceTree = "<group>"; };
		81FA284526EBD8C500251B65 /* FavoritePlacesButton.swift */ = {isa = PBXFileReference; lastKnownFileType = sourcecode.swift; path = FavoritePlacesButton.swift; sourceTree = "<group>"; };
		81FA284726EBD8F900251B65 /* ButtonType.swift */ = {isa = PBXFileReference; lastKnownFileType = sourcecode.swift; path = ButtonType.swift; sourceTree = "<group>"; };
		81FA284926EBE4D900251B65 /* UIColorExtension.swift */ = {isa = PBXFileReference; lastKnownFileType = sourcecode.swift; path = UIColorExtension.swift; sourceTree = "<group>"; };
		81FA284B26EBED3B00251B65 /* FavoritePlacesNavigationController.swift */ = {isa = PBXFileReference; lastKnownFileType = sourcecode.swift; path = FavoritePlacesNavigationController.swift; sourceTree = "<group>"; };
		81FA284F26EBF34300251B65 /* SignupViewController.swift */ = {isa = PBXFileReference; lastKnownFileType = sourcecode.swift; path = SignupViewController.swift; sourceTree = "<group>"; };
		81FA285126EBF34C00251B65 /* LoginViewController.swift */ = {isa = PBXFileReference; lastKnownFileType = sourcecode.swift; path = LoginViewController.swift; sourceTree = "<group>"; };
		81FA285326EBF4D900251B65 /* AuthenticationView.swift */ = {isa = PBXFileReference; lastKnownFileType = sourcecode.swift; path = AuthenticationView.swift; sourceTree = "<group>"; };
		81FA285526EBF65900251B65 /* CGFloatExtension.swift */ = {isa = PBXFileReference; lastKnownFileType = sourcecode.swift; path = CGFloatExtension.swift; sourceTree = "<group>"; };
		81FA285726EBFB2A00251B65 /* FavoritePlacesTextField.swift */ = {isa = PBXFileReference; lastKnownFileType = sourcecode.swift; path = FavoritePlacesTextField.swift; sourceTree = "<group>"; };
		AFA1B6CD43ADBAF0E9E6C904 /* Pods_Favorite_Places.framework */ = {isa = PBXFileReference; explicitFileType = wrapper.framework; includeInIndex = 0; path = Pods_Favorite_Places.framework; sourceTree = BUILT_PRODUCTS_DIR; };
		C76B9591F43680A745D1A159 /* Pods-Favorite Places.release.xcconfig */ = {isa = PBXFileReference; includeInIndex = 1; lastKnownFileType = text.xcconfig; name = "Pods-Favorite Places.release.xcconfig"; path = "Target Support Files/Pods-Favorite Places/Pods-Favorite Places.release.xcconfig"; sourceTree = "<group>"; };
		D8E1F90E255F40E8EBF58812 /* Pods-Favorite Places.debug.xcconfig */ = {isa = PBXFileReference; includeInIndex = 1; lastKnownFileType = text.xcconfig; name = "Pods-Favorite Places.debug.xcconfig"; path = "Target Support Files/Pods-Favorite Places/Pods-Favorite Places.debug.xcconfig"; sourceTree = "<group>"; };
/* End PBXFileReference section */

/* Begin PBXFrameworksBuildPhase section */
		81FA27FC26EBCE3F00251B65 /* Frameworks */ = {
			isa = PBXFrameworksBuildPhase;
			buildActionMask = 2147483647;
			files = (
				8C080668050ACC4A37FD3F0C /* Pods_Favorite_Places.framework in Frameworks */,
			);
			runOnlyForDeploymentPostprocessing = 0;
		};
		81FA281226EBCE4000251B65 /* Frameworks */ = {
			isa = PBXFrameworksBuildPhase;
			buildActionMask = 2147483647;
			files = (
			);
			runOnlyForDeploymentPostprocessing = 0;
		};
		81FA281D26EBCE4000251B65 /* Frameworks */ = {
			isa = PBXFrameworksBuildPhase;
			buildActionMask = 2147483647;
			files = (
			);
			runOnlyForDeploymentPostprocessing = 0;
		};
/* End PBXFrameworksBuildPhase section */

/* Begin PBXGroup section */
		56EDB96F050979042A97B2B1 /* Pods */ = {
			isa = PBXGroup;
			children = (
				D8E1F90E255F40E8EBF58812 /* Pods-Favorite Places.debug.xcconfig */,
				C76B9591F43680A745D1A159 /* Pods-Favorite Places.release.xcconfig */,
			);
			path = Pods;
			sourceTree = "<group>";
		};
		81146ADB26EC9F9000EB6413 /* Authentication service */ = {
			isa = PBXGroup;
			children = (
				81146ADC26EC9FCC00EB6413 /* AuthenticationManager.swift */,
			);
			path = "Authentication service";
			sourceTree = "<group>";
		};
		81FA27F626EBCE3F00251B65 = {
			isa = PBXGroup;
			children = (
				81FA280126EBCE3F00251B65 /* Favorite Places */,
				81FA280026EBCE3F00251B65 /* Products */,
				56EDB96F050979042A97B2B1 /* Pods */,
				F972BC5FD035E0B36C4B2FA9 /* Frameworks */,
			);
			sourceTree = "<group>";
		};
		81FA280026EBCE3F00251B65 /* Products */ = {
			isa = PBXGroup;
			children = (
				81FA27FF26EBCE3F00251B65 /* Favorite Places.app */,
				81FA281526EBCE4000251B65 /* Favorite PlacesTests.xctest */,
				81FA282026EBCE4000251B65 /* Favorite PlacesUITests.xctest */,
			);
			name = Products;
			sourceTree = "<group>";
		};
		81FA280126EBCE3F00251B65 /* Favorite Places */ = {
			isa = PBXGroup;
			children = (
				81FA283C26EBD80900251B65 /* View Controller */,
				81FA283F26EBD82600251B65 /* View */,
				81FA283E26EBD81200251B65 /* Model */,
				81FA284026EBD84100251B65 /* Enum */,
				81146ADB26EC9F9000EB6413 /* Authentication service */,
				81FA284326EBD87300251B65 /* Custom component */,
				81FA284126EBD85500251B65 /* Extension */,
				81FA284426EBD89F00251B65 /* Essential */,
				81FA281026EBCE3F00251B65 /* Info.plist */,
			);
			path = "Favorite Places";
			sourceTree = "<group>";
		};
		81FA283C26EBD80900251B65 /* View Controller */ = {
			isa = PBXGroup;
			children = (
				81FA283226EBCF0000251B65 /* LandingViewController.swift */,
				81FA284F26EBF34300251B65 /* SignupViewController.swift */,
				81FA285126EBF34C00251B65 /* LoginViewController.swift */,
				81146AE826ECB20000EB6413 /* MapViewController.swift */,
				81146AF726ED2D0200EB6413 /* AddFavoritePlaceViewController.swift */,
			);
			path = "View Controller";
			sourceTree = "<group>";
		};
		81FA283E26EBD81200251B65 /* Model */ = {
			isa = PBXGroup;
			children = (
				81146ADE26ECA24A00EB6413 /* AuthenticationModel.swift */,
				81146AE226ECA7FF00EB6413 /* User.swift */,
				81146AF526ECF0DE00EB6413 /* FavoritePlace.swift */,
			);
			path = Model;
			sourceTree = "<group>";
		};
		81FA283F26EBD82600251B65 /* View */ = {
			isa = PBXGroup;
			children = (
				81FA285326EBF4D900251B65 /* AuthenticationView.swift */,
				81146AEF26ECE9A700EB6413 /* MapView.swift */,
			);
			path = View;
			sourceTree = "<group>";
		};
		81FA284026EBD84100251B65 /* Enum */ = {
			isa = PBXGroup;
			children = (
				81FA283826EBD28A00251B65 /* LabelType.swift */,
				81FA284726EBD8F900251B65 /* ButtonType.swift */,
				81146AE426ECAD3500EB6413 /* AuthenticationState.swift */,
				81146AE626ECADCF00EB6413 /* FavoritePlacesError.swift */,
			);
			path = Enum;
			sourceTree = "<group>";
		};
		81FA284126EBD85500251B65 /* Extension */ = {
			isa = PBXGroup;
			children = (
				81146AEB26ECBF2E00EB6413 /* UIViewControllerExtension.swift */,
				81FA283A26EBD43200251B65 /* UIViewExtension.swift */,
				81FA283426EBD0E300251B65 /* UIImageExtension.swift */,
				81FA284926EBE4D900251B65 /* UIColorExtension.swift */,
				81FA285526EBF65900251B65 /* CGFloatExtension.swift */,
				81146AF126ECEE5800EB6413 /* MKMapViewExtension.swift */,
				81146AF326ECEECD00EB6413 /* RxExtension.swift */,
			);
			path = Extension;
			sourceTree = "<group>";
		};
		81FA284326EBD87300251B65 /* Custom component */ = {
			isa = PBXGroup;
			children = (
				81FA283626EBD23E00251B65 /* FavoritePlacesLabel.swift */,
				81FA284526EBD8C500251B65 /* FavoritePlacesButton.swift */,
				81FA284B26EBED3B00251B65 /* FavoritePlacesNavigationController.swift */,
				81FA285726EBFB2A00251B65 /* FavoritePlacesTextField.swift */,
				81146AED26ECC78D00EB6413 /* FavoritePlacesAlertViewController.swift */,
				81146AFB26ED4B4F00EB6413 /* VerticalButtonStack.swift */,
			);
			path = "Custom component";
			sourceTree = "<group>";
		};
		81FA284426EBD89F00251B65 /* Essential */ = {
			isa = PBXGroup;
			children = (
				81146AD926EC9E1400EB6413 /* GoogleService-Info.plist */,
				81FA280226EBCE3F00251B65 /* AppDelegate.swift */,
				81FA280B26EBCE3F00251B65 /* Assets.xcassets */,
				81FA280D26EBCE3F00251B65 /* LaunchScreen.storyboard */,
			);
			path = Essential;
			sourceTree = "<group>";
		};
		F972BC5FD035E0B36C4B2FA9 /* Frameworks */ = {
			isa = PBXGroup;
			children = (
				AFA1B6CD43ADBAF0E9E6C904 /* Pods_Favorite_Places.framework */,
			);
			name = Frameworks;
			sourceTree = "<group>";
		};
/* End PBXGroup section */

/* Begin PBXNativeTarget section */
		81FA27FE26EBCE3F00251B65 /* Favorite Places */ = {
			isa = PBXNativeTarget;
			buildConfigurationList = 81FA282926EBCE4000251B65 /* Build configuration list for PBXNativeTarget "Favorite Places" */;
			buildPhases = (
				445EF070B87B3DE55711675D /* [CP] Check Pods Manifest.lock */,
				81FA27FB26EBCE3F00251B65 /* Sources */,
				81FA27FC26EBCE3F00251B65 /* Frameworks */,
				81FA27FD26EBCE3F00251B65 /* Resources */,
				621D245962E4DCD573DB4BD8 /* [CP] Embed Pods Frameworks */,
			);
			buildRules = (
			);
			dependencies = (
			);
			name = "Favorite Places";
			productName = "Favorite Places";
			productReference = 81FA27FF26EBCE3F00251B65 /* Favorite Places.app */;
			productType = "com.apple.product-type.application";
		};
		81FA281426EBCE4000251B65 /* Favorite PlacesTests */ = {
			isa = PBXNativeTarget;
			buildConfigurationList = 81FA282C26EBCE4000251B65 /* Build configuration list for PBXNativeTarget "Favorite PlacesTests" */;
			buildPhases = (
				81FA281126EBCE4000251B65 /* Sources */,
				81FA281226EBCE4000251B65 /* Frameworks */,
				81FA281326EBCE4000251B65 /* Resources */,
			);
			buildRules = (
			);
			dependencies = (
				81FA281726EBCE4000251B65 /* PBXTargetDependency */,
			);
			name = "Favorite PlacesTests";
			productName = "Favorite PlacesTests";
			productReference = 81FA281526EBCE4000251B65 /* Favorite PlacesTests.xctest */;
			productType = "com.apple.product-type.bundle.unit-test";
		};
		81FA281F26EBCE4000251B65 /* Favorite PlacesUITests */ = {
			isa = PBXNativeTarget;
			buildConfigurationList = 81FA282F26EBCE4000251B65 /* Build configuration list for PBXNativeTarget "Favorite PlacesUITests" */;
			buildPhases = (
				81FA281C26EBCE4000251B65 /* Sources */,
				81FA281D26EBCE4000251B65 /* Frameworks */,
				81FA281E26EBCE4000251B65 /* Resources */,
			);
			buildRules = (
			);
			dependencies = (
				81FA282226EBCE4000251B65 /* PBXTargetDependency */,
			);
			name = "Favorite PlacesUITests";
			productName = "Favorite PlacesUITests";
			productReference = 81FA282026EBCE4000251B65 /* Favorite PlacesUITests.xctest */;
			productType = "com.apple.product-type.bundle.ui-testing";
		};
/* End PBXNativeTarget section */

/* Begin PBXProject section */
		81FA27F726EBCE3F00251B65 /* Project object */ = {
			isa = PBXProject;
			attributes = {
				LastSwiftUpdateCheck = 1250;
				LastUpgradeCheck = 1250;
				TargetAttributes = {
					81FA27FE26EBCE3F00251B65 = {
						CreatedOnToolsVersion = 12.5;
					};
					81FA281426EBCE4000251B65 = {
						CreatedOnToolsVersion = 12.5;
						TestTargetID = 81FA27FE26EBCE3F00251B65;
					};
					81FA281F26EBCE4000251B65 = {
						CreatedOnToolsVersion = 12.5;
						TestTargetID = 81FA27FE26EBCE3F00251B65;
					};
				};
			};
			buildConfigurationList = 81FA27FA26EBCE3F00251B65 /* Build configuration list for PBXProject "Favorite Places" */;
			compatibilityVersion = "Xcode 9.3";
			developmentRegion = en;
			hasScannedForEncodings = 0;
			knownRegions = (
				en,
				Base,
			);
			mainGroup = 81FA27F626EBCE3F00251B65;
			productRefGroup = 81FA280026EBCE3F00251B65 /* Products */;
			projectDirPath = "";
			projectRoot = "";
			targets = (
				81FA27FE26EBCE3F00251B65 /* Favorite Places */,
				81FA281426EBCE4000251B65 /* Favorite PlacesTests */,
				81FA281F26EBCE4000251B65 /* Favorite PlacesUITests */,
			);
		};
/* End PBXProject section */

/* Begin PBXResourcesBuildPhase section */
		81FA27FD26EBCE3F00251B65 /* Resources */ = {
			isa = PBXResourcesBuildPhase;
			buildActionMask = 2147483647;
			files = (
				81FA280F26EBCE3F00251B65 /* LaunchScreen.storyboard in Resources */,
				81FA280C26EBCE3F00251B65 /* Assets.xcassets in Resources */,
				81146ADA26EC9E1400EB6413 /* GoogleService-Info.plist in Resources */,
			);
			runOnlyForDeploymentPostprocessing = 0;
		};
		81FA281326EBCE4000251B65 /* Resources */ = {
			isa = PBXResourcesBuildPhase;
			buildActionMask = 2147483647;
			files = (
			);
			runOnlyForDeploymentPostprocessing = 0;
		};
		81FA281E26EBCE4000251B65 /* Resources */ = {
			isa = PBXResourcesBuildPhase;
			buildActionMask = 2147483647;
			files = (
			);
			runOnlyForDeploymentPostprocessing = 0;
		};
/* End PBXResourcesBuildPhase section */

/* Begin PBXShellScriptBuildPhase section */
		445EF070B87B3DE55711675D /* [CP] Check Pods Manifest.lock */ = {
			isa = PBXShellScriptBuildPhase;
			buildActionMask = 2147483647;
			files = (
			);
			inputFileListPaths = (
			);
			inputPaths = (
				"${PODS_PODFILE_DIR_PATH}/Podfile.lock",
				"${PODS_ROOT}/Manifest.lock",
			);
			name = "[CP] Check Pods Manifest.lock";
			outputFileListPaths = (
			);
			outputPaths = (
				"$(DERIVED_FILE_DIR)/Pods-Favorite Places-checkManifestLockResult.txt",
			);
			runOnlyForDeploymentPostprocessing = 0;
			shellPath = /bin/sh;
			shellScript = "diff \"${PODS_PODFILE_DIR_PATH}/Podfile.lock\" \"${PODS_ROOT}/Manifest.lock\" > /dev/null\nif [ $? != 0 ] ; then\n    # print error to STDERR\n    echo \"error: The sandbox is not in sync with the Podfile.lock. Run 'pod install' or update your CocoaPods installation.\" >&2\n    exit 1\nfi\n# This output is used by Xcode 'outputs' to avoid re-running this script phase.\necho \"SUCCESS\" > \"${SCRIPT_OUTPUT_FILE_0}\"\n";
			showEnvVarsInLog = 0;
		};
		621D245962E4DCD573DB4BD8 /* [CP] Embed Pods Frameworks */ = {
			isa = PBXShellScriptBuildPhase;
			buildActionMask = 2147483647;
			files = (
			);
			inputFileListPaths = (
				"${PODS_ROOT}/Target Support Files/Pods-Favorite Places/Pods-Favorite Places-frameworks-${CONFIGURATION}-input-files.xcfilelist",
			);
			name = "[CP] Embed Pods Frameworks";
			outputFileListPaths = (
				"${PODS_ROOT}/Target Support Files/Pods-Favorite Places/Pods-Favorite Places-frameworks-${CONFIGURATION}-output-files.xcfilelist",
			);
			runOnlyForDeploymentPostprocessing = 0;
			shellPath = /bin/sh;
			shellScript = "\"${PODS_ROOT}/Target Support Files/Pods-Favorite Places/Pods-Favorite Places-frameworks.sh\"\n";
			showEnvVarsInLog = 0;
		};
/* End PBXShellScriptBuildPhase section */

/* Begin PBXSourcesBuildPhase section */
		81FA27FB26EBCE3F00251B65 /* Sources */ = {
			isa = PBXSourcesBuildPhase;
			buildActionMask = 2147483647;
			files = (
				81146AFC26ED4B4F00EB6413 /* VerticalButtonStack.swift in Sources */,
				81146AF826ED2D0200EB6413 /* AddFavoritePlaceViewController.swift in Sources */,
				81146AE526ECAD3500EB6413 /* AuthenticationState.swift in Sources */,
				81146AF026ECE9A700EB6413 /* MapView.swift in Sources */,
				81146ADF26ECA24A00EB6413 /* AuthenticationModel.swift in Sources */,
				81146AE726ECADCF00EB6413 /* FavoritePlacesError.swift in Sources */,
				81FA285226EBF34C00251B65 /* LoginViewController.swift in Sources */,
				81146ADD26EC9FCC00EB6413 /* AuthenticationManager.swift in Sources */,
				81FA283B26EBD43200251B65 /* UIViewExtension.swift in Sources */,
				81FA284826EBD8F900251B65 /* ButtonType.swift in Sources */,
				81FA285026EBF34300251B65 /* SignupViewController.swift in Sources */,
				81FA285426EBF4D900251B65 /* AuthenticationView.swift in Sources */,
				81FA283726EBD23E00251B65 /* FavoritePlacesLabel.swift in Sources */,
				81FA284626EBD8C500251B65 /* FavoritePlacesButton.swift in Sources */,
				81FA283926EBD28A00251B65 /* LabelType.swift in Sources */,
				81FA284A26EBE4D900251B65 /* UIColorExtension.swift in Sources */,
				81146AE926ECB20000EB6413 /* MapViewController.swift in Sources */,
				81146AEE26ECC78D00EB6413 /* FavoritePlacesAlertViewController.swift in Sources */,
				81FA280326EBCE3F00251B65 /* AppDelegate.swift in Sources */,
				81146AF426ECEECD00EB6413 /* RxExtension.swift in Sources */,
				81FA285626EBF65900251B65 /* CGFloatExtension.swift in Sources */,
				81146AF626ECF0DE00EB6413 /* FavoritePlace.swift in Sources */,
				81FA283326EBCF0000251B65 /* LandingViewController.swift in Sources */,
				81146AE326ECA7FF00EB6413 /* User.swift in Sources */,
				81146AF226ECEE5800EB6413 /* MKMapViewExtension.swift in Sources */,
				81FA283526EBD0E300251B65 /* UIImageExtension.swift in Sources */,
				81FA284C26EBED3B00251B65 /* FavoritePlacesNavigationController.swift in Sources */,
				81146AEC26ECBF2E00EB6413 /* UIViewControllerExtension.swift in Sources */,
				81FA285826EBFB2A00251B65 /* FavoritePlacesTextField.swift in Sources */,
			);
			runOnlyForDeploymentPostprocessing = 0;
		};
		81FA281126EBCE4000251B65 /* Sources */ = {
			isa = PBXSourcesBuildPhase;
			buildActionMask = 2147483647;
			files = (
			);
			runOnlyForDeploymentPostprocessing = 0;
		};
		81FA281C26EBCE4000251B65 /* Sources */ = {
			isa = PBXSourcesBuildPhase;
			buildActionMask = 2147483647;
			files = (
			);
			runOnlyForDeploymentPostprocessing = 0;
		};
/* End PBXSourcesBuildPhase section */

/* Begin PBXTargetDependency section */
		81FA281726EBCE4000251B65 /* PBXTargetDependency */ = {
			isa = PBXTargetDependency;
			target = 81FA27FE26EBCE3F00251B65 /* Favorite Places */;
			targetProxy = 81FA281626EBCE4000251B65 /* PBXContainerItemProxy */;
		};
		81FA282226EBCE4000251B65 /* PBXTargetDependency */ = {
			isa = PBXTargetDependency;
			target = 81FA27FE26EBCE3F00251B65 /* Favorite Places */;
			targetProxy = 81FA282126EBCE4000251B65 /* PBXContainerItemProxy */;
		};
/* End PBXTargetDependency section */

/* Begin PBXVariantGroup section */
		81FA280D26EBCE3F00251B65 /* LaunchScreen.storyboard */ = {
			isa = PBXVariantGroup;
			children = (
				81FA280E26EBCE3F00251B65 /* Base */,
			);
			name = LaunchScreen.storyboard;
			sourceTree = "<group>";
		};
/* End PBXVariantGroup section */

/* Begin XCBuildConfiguration section */
		81FA282726EBCE4000251B65 /* Debug */ = {
			isa = XCBuildConfiguration;
			buildSettings = {
				ALWAYS_SEARCH_USER_PATHS = NO;
				CLANG_ANALYZER_NONNULL = YES;
				CLANG_ANALYZER_NUMBER_OBJECT_CONVERSION = YES_AGGRESSIVE;
				CLANG_CXX_LANGUAGE_STANDARD = "gnu++14";
				CLANG_CXX_LIBRARY = "libc++";
				CLANG_ENABLE_MODULES = YES;
				CLANG_ENABLE_OBJC_ARC = YES;
				CLANG_ENABLE_OBJC_WEAK = YES;
				CLANG_WARN_BLOCK_CAPTURE_AUTORELEASING = YES;
				CLANG_WARN_BOOL_CONVERSION = YES;
				CLANG_WARN_COMMA = YES;
				CLANG_WARN_CONSTANT_CONVERSION = YES;
				CLANG_WARN_DEPRECATED_OBJC_IMPLEMENTATIONS = YES;
				CLANG_WARN_DIRECT_OBJC_ISA_USAGE = YES_ERROR;
				CLANG_WARN_DOCUMENTATION_COMMENTS = YES;
				CLANG_WARN_EMPTY_BODY = YES;
				CLANG_WARN_ENUM_CONVERSION = YES;
				CLANG_WARN_INFINITE_RECURSION = YES;
				CLANG_WARN_INT_CONVERSION = YES;
				CLANG_WARN_NON_LITERAL_NULL_CONVERSION = YES;
				CLANG_WARN_OBJC_IMPLICIT_RETAIN_SELF = YES;
				CLANG_WARN_OBJC_LITERAL_CONVERSION = YES;
				CLANG_WARN_OBJC_ROOT_CLASS = YES_ERROR;
				CLANG_WARN_QUOTED_INCLUDE_IN_FRAMEWORK_HEADER = YES;
				CLANG_WARN_RANGE_LOOP_ANALYSIS = YES;
				CLANG_WARN_STRICT_PROTOTYPES = YES;
				CLANG_WARN_SUSPICIOUS_MOVE = YES;
				CLANG_WARN_UNGUARDED_AVAILABILITY = YES_AGGRESSIVE;
				CLANG_WARN_UNREACHABLE_CODE = YES;
				CLANG_WARN__DUPLICATE_METHOD_MATCH = YES;
				COPY_PHASE_STRIP = NO;
				DEBUG_INFORMATION_FORMAT = dwarf;
				ENABLE_STRICT_OBJC_MSGSEND = YES;
				ENABLE_TESTABILITY = YES;
				GCC_C_LANGUAGE_STANDARD = gnu11;
				GCC_DYNAMIC_NO_PIC = NO;
				GCC_NO_COMMON_BLOCKS = YES;
				GCC_OPTIMIZATION_LEVEL = 0;
				GCC_PREPROCESSOR_DEFINITIONS = (
					"DEBUG=1",
					"$(inherited)",
				);
				GCC_WARN_64_TO_32_BIT_CONVERSION = YES;
				GCC_WARN_ABOUT_RETURN_TYPE = YES_ERROR;
				GCC_WARN_UNDECLARED_SELECTOR = YES;
				GCC_WARN_UNINITIALIZED_AUTOS = YES_AGGRESSIVE;
				GCC_WARN_UNUSED_FUNCTION = YES;
				GCC_WARN_UNUSED_VARIABLE = YES;
				IPHONEOS_DEPLOYMENT_TARGET = 14.5;
				MTL_ENABLE_DEBUG_INFO = INCLUDE_SOURCE;
				MTL_FAST_MATH = YES;
				ONLY_ACTIVE_ARCH = YES;
				SDKROOT = iphoneos;
				SWIFT_ACTIVE_COMPILATION_CONDITIONS = DEBUG;
				SWIFT_OPTIMIZATION_LEVEL = "-Onone";
			};
			name = Debug;
		};
		81FA282826EBCE4000251B65 /* Release */ = {
			isa = XCBuildConfiguration;
			buildSettings = {
				ALWAYS_SEARCH_USER_PATHS = NO;
				CLANG_ANALYZER_NONNULL = YES;
				CLANG_ANALYZER_NUMBER_OBJECT_CONVERSION = YES_AGGRESSIVE;
				CLANG_CXX_LANGUAGE_STANDARD = "gnu++14";
				CLANG_CXX_LIBRARY = "libc++";
				CLANG_ENABLE_MODULES = YES;
				CLANG_ENABLE_OBJC_ARC = YES;
				CLANG_ENABLE_OBJC_WEAK = YES;
				CLANG_WARN_BLOCK_CAPTURE_AUTORELEASING = YES;
				CLANG_WARN_BOOL_CONVERSION = YES;
				CLANG_WARN_COMMA = YES;
				CLANG_WARN_CONSTANT_CONVERSION = YES;
				CLANG_WARN_DEPRECATED_OBJC_IMPLEMENTATIONS = YES;
				CLANG_WARN_DIRECT_OBJC_ISA_USAGE = YES_ERROR;
				CLANG_WARN_DOCUMENTATION_COMMENTS = YES;
				CLANG_WARN_EMPTY_BODY = YES;
				CLANG_WARN_ENUM_CONVERSION = YES;
				CLANG_WARN_INFINITE_RECURSION = YES;
				CLANG_WARN_INT_CONVERSION = YES;
				CLANG_WARN_NON_LITERAL_NULL_CONVERSION = YES;
				CLANG_WARN_OBJC_IMPLICIT_RETAIN_SELF = YES;
				CLANG_WARN_OBJC_LITERAL_CONVERSION = YES;
				CLANG_WARN_OBJC_ROOT_CLASS = YES_ERROR;
				CLANG_WARN_QUOTED_INCLUDE_IN_FRAMEWORK_HEADER = YES;
				CLANG_WARN_RANGE_LOOP_ANALYSIS = YES;
				CLANG_WARN_STRICT_PROTOTYPES = YES;
				CLANG_WARN_SUSPICIOUS_MOVE = YES;
				CLANG_WARN_UNGUARDED_AVAILABILITY = YES_AGGRESSIVE;
				CLANG_WARN_UNREACHABLE_CODE = YES;
				CLANG_WARN__DUPLICATE_METHOD_MATCH = YES;
				COPY_PHASE_STRIP = NO;
				DEBUG_INFORMATION_FORMAT = "dwarf-with-dsym";
				ENABLE_NS_ASSERTIONS = NO;
				ENABLE_STRICT_OBJC_MSGSEND = YES;
				GCC_C_LANGUAGE_STANDARD = gnu11;
				GCC_NO_COMMON_BLOCKS = YES;
				GCC_WARN_64_TO_32_BIT_CONVERSION = YES;
				GCC_WARN_ABOUT_RETURN_TYPE = YES_ERROR;
				GCC_WARN_UNDECLARED_SELECTOR = YES;
				GCC_WARN_UNINITIALIZED_AUTOS = YES_AGGRESSIVE;
				GCC_WARN_UNUSED_FUNCTION = YES;
				GCC_WARN_UNUSED_VARIABLE = YES;
				IPHONEOS_DEPLOYMENT_TARGET = 14.5;
				MTL_ENABLE_DEBUG_INFO = NO;
				MTL_FAST_MATH = YES;
				SDKROOT = iphoneos;
				SWIFT_COMPILATION_MODE = wholemodule;
				SWIFT_OPTIMIZATION_LEVEL = "-O";
				VALIDATE_PRODUCT = YES;
			};
			name = Release;
		};
		81FA282A26EBCE4000251B65 /* Debug */ = {
			isa = XCBuildConfiguration;
			baseConfigurationReference = D8E1F90E255F40E8EBF58812 /* Pods-Favorite Places.debug.xcconfig */;
			buildSettings = {
				ASSETCATALOG_COMPILER_APPICON_NAME = AppIcon;
				ASSETCATALOG_COMPILER_GLOBAL_ACCENT_COLOR_NAME = AccentColor;
				CODE_SIGN_STYLE = Automatic;
				INFOPLIST_FILE = "Favorite Places/Info.plist";
				IPHONEOS_DEPLOYMENT_TARGET = 13.0;
				LD_RUNPATH_SEARCH_PATHS = (
					"$(inherited)",
					"@executable_path/Frameworks",
				);
				PRODUCT_BUNDLE_IDENTIFIER = "com.frakton.Favorite-Places";
				PRODUCT_NAME = "$(TARGET_NAME)";
				SWIFT_VERSION = 5.0;
				TARGETED_DEVICE_FAMILY = 1;
			};
			name = Debug;
		};
		81FA282B26EBCE4000251B65 /* Release */ = {
			isa = XCBuildConfiguration;
			baseConfigurationReference = C76B9591F43680A745D1A159 /* Pods-Favorite Places.release.xcconfig */;
			buildSettings = {
				ASSETCATALOG_COMPILER_APPICON_NAME = AppIcon;
				ASSETCATALOG_COMPILER_GLOBAL_ACCENT_COLOR_NAME = AccentColor;
				CODE_SIGN_STYLE = Automatic;
				INFOPLIST_FILE = "Favorite Places/Info.plist";
				IPHONEOS_DEPLOYMENT_TARGET = 13.0;
				LD_RUNPATH_SEARCH_PATHS = (
					"$(inherited)",
					"@executable_path/Frameworks",
				);
				PRODUCT_BUNDLE_IDENTIFIER = "com.frakton.Favorite-Places";
				PRODUCT_NAME = "$(TARGET_NAME)";
				SWIFT_VERSION = 5.0;
				TARGETED_DEVICE_FAMILY = 1;
			};
			name = Release;
		};
		81FA282D26EBCE4000251B65 /* Debug */ = {
			isa = XCBuildConfiguration;
			buildSettings = {
				ALWAYS_EMBED_SWIFT_STANDARD_LIBRARIES = YES;
				BUNDLE_LOADER = "$(TEST_HOST)";
				CODE_SIGN_STYLE = Automatic;
				INFOPLIST_FILE = "Favorite PlacesTests/Info.plist";
				IPHONEOS_DEPLOYMENT_TARGET = 14.5;
				LD_RUNPATH_SEARCH_PATHS = (
					"$(inherited)",
					"@executable_path/Frameworks",
					"@loader_path/Frameworks",
				);
				PRODUCT_BUNDLE_IDENTIFIER = "com.frakton.Favorite-PlacesTests";
				PRODUCT_NAME = "$(TARGET_NAME)";
				SWIFT_VERSION = 5.0;
				TARGETED_DEVICE_FAMILY = "1,2";
				TEST_HOST = "$(BUILT_PRODUCTS_DIR)/Favorite Places.app/Favorite Places";
			};
			name = Debug;
		};
		81FA282E26EBCE4000251B65 /* Release */ = {
			isa = XCBuildConfiguration;
			buildSettings = {
				ALWAYS_EMBED_SWIFT_STANDARD_LIBRARIES = YES;
				BUNDLE_LOADER = "$(TEST_HOST)";
				CODE_SIGN_STYLE = Automatic;
				INFOPLIST_FILE = "Favorite PlacesTests/Info.plist";
				IPHONEOS_DEPLOYMENT_TARGET = 14.5;
				LD_RUNPATH_SEARCH_PATHS = (
					"$(inherited)",
					"@executable_path/Frameworks",
					"@loader_path/Frameworks",
				);
				PRODUCT_BUNDLE_IDENTIFIER = "com.frakton.Favorite-PlacesTests";
				PRODUCT_NAME = "$(TARGET_NAME)";
				SWIFT_VERSION = 5.0;
				TARGETED_DEVICE_FAMILY = "1,2";
				TEST_HOST = "$(BUILT_PRODUCTS_DIR)/Favorite Places.app/Favorite Places";
			};
			name = Release;
		};
		81FA283026EBCE4000251B65 /* Debug */ = {
			isa = XCBuildConfiguration;
			buildSettings = {
				ALWAYS_EMBED_SWIFT_STANDARD_LIBRARIES = YES;
				CODE_SIGN_STYLE = Automatic;
				INFOPLIST_FILE = "Favorite PlacesUITests/Info.plist";
				LD_RUNPATH_SEARCH_PATHS = (
					"$(inherited)",
					"@executable_path/Frameworks",
					"@loader_path/Frameworks",
				);
				PRODUCT_BUNDLE_IDENTIFIER = "com.frakton.Favorite-PlacesUITests";
				PRODUCT_NAME = "$(TARGET_NAME)";
				SWIFT_VERSION = 5.0;
				TARGETED_DEVICE_FAMILY = "1,2";
				TEST_TARGET_NAME = "Favorite Places";
			};
			name = Debug;
		};
		81FA283126EBCE4000251B65 /* Release */ = {
			isa = XCBuildConfiguration;
			buildSettings = {
				ALWAYS_EMBED_SWIFT_STANDARD_LIBRARIES = YES;
				CODE_SIGN_STYLE = Automatic;
				INFOPLIST_FILE = "Favorite PlacesUITests/Info.plist";
				LD_RUNPATH_SEARCH_PATHS = (
					"$(inherited)",
					"@executable_path/Frameworks",
					"@loader_path/Frameworks",
				);
				PRODUCT_BUNDLE_IDENTIFIER = "com.frakton.Favorite-PlacesUITests";
				PRODUCT_NAME = "$(TARGET_NAME)";
				SWIFT_VERSION = 5.0;
				TARGETED_DEVICE_FAMILY = "1,2";
				TEST_TARGET_NAME = "Favorite Places";
			};
			name = Release;
		};
/* End XCBuildConfiguration section */

/* Begin XCConfigurationList section */
		81FA27FA26EBCE3F00251B65 /* Build configuration list for PBXProject "Favorite Places" */ = {
			isa = XCConfigurationList;
			buildConfigurations = (
				81FA282726EBCE4000251B65 /* Debug */,
				81FA282826EBCE4000251B65 /* Release */,
			);
			defaultConfigurationIsVisible = 0;
			defaultConfigurationName = Release;
		};
		81FA282926EBCE4000251B65 /* Build configuration list for PBXNativeTarget "Favorite Places" */ = {
			isa = XCConfigurationList;
			buildConfigurations = (
				81FA282A26EBCE4000251B65 /* Debug */,
				81FA282B26EBCE4000251B65 /* Release */,
			);
			defaultConfigurationIsVisible = 0;
			defaultConfigurationName = Release;
		};
		81FA282C26EBCE4000251B65 /* Build configuration list for PBXNativeTarget "Favorite PlacesTests" */ = {
			isa = XCConfigurationList;
			buildConfigurations = (
				81FA282D26EBCE4000251B65 /* Debug */,
				81FA282E26EBCE4000251B65 /* Release */,
			);
			defaultConfigurationIsVisible = 0;
			defaultConfigurationName = Release;
		};
		81FA282F26EBCE4000251B65 /* Build configuration list for PBXNativeTarget "Favorite PlacesUITests" */ = {
			isa = XCConfigurationList;
			buildConfigurations = (
				81FA283026EBCE4000251B65 /* Debug */,
				81FA283126EBCE4000251B65 /* Release */,
			);
			defaultConfigurationIsVisible = 0;
			defaultConfigurationName = Release;
		};
/* End XCConfigurationList section */
	};
	rootObject = 81FA27F726EBCE3F00251B65 /* Project object */;
}
